
Microsoft Visual Studio Solution File, Format Version 12.00
# Visual Studio Version 17
VisualStudioVersion = 17.0.31903.59
MinimumVisualStudioVersion = 10.0.40219.1
Project("{9A19103F-16F7-4668-BE54-9A1E7A4F7556}") = "SamplePluginBuild", "SamplePluginBuild\SamplePluginBuild.csproj", "{375F7085-B274-42AB-B6BA-8CE4BE88F81E}"
EndProject
Global
	GlobalSection(SolutionConfigurationPlatforms) = preSolution
		Debug|x64 = Debug|x64
		Release|x64 = Release|x64
	EndGlobalSection
	GlobalSection(ProjectConfigurationPlatforms) = postSolution
		{375F7085-B274-42AB-B6BA-8CE4BE88F81E}.Debug|x64.ActiveCfg = Debug|x64
		{375F7085-B274-42AB-B6BA-8CE4BE88F81E}.Debug|x64.Build.0 = Debug|x64
		{375F7085-B274-42AB-B6BA-8CE4BE88F81E}.Release|x64.ActiveCfg = Release|x64
		{375F7085-B274-42AB-B6BA-8CE4BE88F81E}.Release|x64.Build.0 = Release|x64
	EndGlobalSection
	GlobalSection(SolutionProperties) = preSolution
		HideSolutionNode = FALSE
	EndGlobalSection
EndGlobal
